// !$*UTF8*$!
{
	archiveVersion = 1;
	classes = {
	};
	objectVersion = 77;
	objects = {

/* Begin PBXBuildFile section */
		210A9A892E2A9BF80080FA36 /* LibraryPDFs in Resources */ = {isa = PBXBuildFile; fileRef = 210A9A882E2A9BF80080FA36 /* LibraryPDFs */; };
/* End PBXBuildFile section */

/* Begin PBXContainerItemProxy section */
		21A123452E2942A200D1154E /* PBXContainerItemProxy */ = {
			isa = PBXContainerItemProxy;
			containerPortal = 21A1232F2E2942A000D1154E /* Project object */;
			proxyType = 1;
			remoteGlobalIDString = 21A123362E2942A000D1154E;
			remoteInfo = orthoreader;
		};
		21A1234F2E2942A200D1154E /* PBXContainerItemProxy */ = {
			isa = PBXContainerItemProxy;
			containerPortal = 21A1232F2E2942A000D1154E /* Project object */;
			proxyType = 1;
			remoteGlobalIDString = 21A123362E2942A000D1154E;
			remoteInfo = orthoreader;
		};
/* End PBXContainerItemProxy section */

/* Begin PBXFileReference section */
		210A9A882E2A9BF80080FA36 /* LibraryPDFs */ = {isa = PBXFileReference; lastKnownFileType = folder; path = LibraryPDFs; sourceTree = "<group>"; };
		21A123372E2942A000D1154E /* orthoreader.app */ = {isa = PBXFileReference; explicitFileType = wrapper.application; includeInIndex = 0; path = orthoreader.app; sourceTree = BUILT_PRODUCTS_DIR; };
		21A123442E2942A200D1154E /* orthoreaderTests.xctest */ = {isa = PBXFileReference; explicitFileType = wrapper.cfbundle; includeInIndex = 0; path = orthoreaderTests.xctest; sourceTree = BUILT_PRODUCTS_DIR; };
		21A1234E2E2942A200D1154E /* orthoreaderUITests.xctest */ = {isa = PBXFileReference; explicitFileType = wrapper.cfbundle; includeInIndex = 0; path = orthoreaderUITests.xctest; sourceTree = BUILT_PRODUCTS_DIR; };
/* End PBXFileReference section */

/* Begin PBXFileSystemSynchronizedBuildFileExceptionSet section */
		21A123652E2945A400D1154E /* Exceptions for "orthoreader" folder in "orthoreaderTests" target */ = {
			isa = PBXFileSystemSynchronizedBuildFileExceptionSet;
			membershipExceptions = (
				sample.pdf,
			);
			target = 21A123432E2942A200D1154E /* orthoreaderTests */;
		};
		21A123662E2945A400D1154E /* Exceptions for "orthoreader" folder in "orthoreaderUITests" target */ = {
			isa = PBXFileSystemSynchronizedBuildFileExceptionSet;
			membershipExceptions = (
				sample.pdf,
			);
			target = 21A1234D2E2942A200D1154E /* orthoreaderUITests */;
		};
		21A123682E294D2B00D1154E /* Exceptions for "orthoreader" folder in "orthoreader" target */ = {
			isa = PBXFileSystemSynchronizedBuildFileExceptionSet;
			membershipExceptions = (
				Info.plist,
			);
			target = 21A123362E2942A000D1154E /* orthoreader */;
		};
/* End PBXFileSystemSynchronizedBuildFileExceptionSet section */

/* Begin PBXFileSystemSynchronizedRootGroup section */
		21A123392E2942A000D1154E /* orthoreader */ = {
			isa = PBXFileSystemSynchronizedRootGroup;
			exceptions = (
				21A123682E294D2B00D1154E /* Exceptions for "orthoreader" folder in "orthoreader" target */,
				21A123652E2945A400D1154E /* Exceptions for "orthoreader" folder in "orthoreaderTests" target */,
				21A123662E2945A400D1154E /* Exceptions for "orthoreader" folder in "orthoreaderUITests" target */,
			);
			path = orthoreader;
			sourceTree = "<group>";
		};
		21A123472E2942A200D1154E /* orthoreaderTests */ = {
			isa = PBXFileSystemSynchronizedRootGroup;
			path = orthoreaderTests;
			sourceTree = "<group>";
		};
		21A123512E2942A200D1154E /* orthoreaderUITests */ = {
			isa = PBXFileSystemSynchronizedRootGroup;
			path = orthoreaderUITests;
			sourceTree = "<group>";
		};
/* End PBXFileSystemSynchronizedRootGroup section */

/* Begin PBXFrameworksBuildPhase section */
		21A123342E2942A000D1154E /* Frameworks */ = {
			isa = PBXFrameworksBuildPhase;
			buildActionMask = 2147483647;
			files = (
			);
			runOnlyForDeploymentPostprocessing = 0;
		};
		21A123412E2942A200D1154E /* Frameworks */ = {
			isa = PBXFrameworksBuildPhase;
			buildActionMask = 2147483647;
			files = (
			);
			runOnlyForDeploymentPostprocessing = 0;
		};
		21A1234B2E2942A200D1154E /* Frameworks */ = {
			isa = PBXFrameworksBuildPhase;
			buildActionMask = 2147483647;
			files = (
			);
			runOnlyForDeploymentPostprocessing = 0;
		};
/* End PBXFrameworksBuildPhase section */

/* Begin PBXGroup section */
		21A1232E2E2942A000D1154E = {
			isa = PBXGroup;
			children = (
				210A9A882E2A9BF80080FA36 /* LibraryPDFs */,
				21A123392E2942A000D1154E /* orthoreader */,
				21A123472E2942A200D1154E /* orthoreaderTests */,
				21A123512E2942A200D1154E /* orthoreaderUITests */,
				21A123382E2942A000D1154E /* Products */,
			);
			sourceTree = "<group>";
		};
		21A123382E2942A000D1154E /* Products */ = {
			isa = PBXGroup;
			children = (
				21A123372E2942A000D1154E /* orthoreader.app */,
				21A123442E2942A200D1154E /* orthoreaderTests.xctest */,
				21A1234E2E2942A200D1154E /* orthoreaderUITests.xctest */,
			);
			name = Products;
			sourceTree = "<group>";
		};
/* End PBXGroup section */

/* Begin PBXNativeTarget section */
		21A123362E2942A000D1154E /* orthoreader */ = {
			isa = PBXNativeTarget;
			buildConfigurationList = 21A123582E2942A200D1154E /* Build configuration list for PBXNativeTarget "orthoreader" */;
			buildPhases = (
				21A123332E2942A000D1154E /* Sources */,
				21A123342E2942A000D1154E /* Frameworks */,
				21A123352E2942A000D1154E /* Resources */,
			);
			buildRules = (
			);
			dependencies = (
			);
			fileSystemSynchronizedGroups = (
				21A123392E2942A000D1154E /* orthoreader */,
			);
			name = orthoreader;
			packageProductDependencies = (
			);
			productName = orthoreader;
			productReference = 21A123372E2942A000D1154E /* orthoreader.app */;
			productType = "com.apple.product-type.application";
		};
		21A123432E2942A200D1154E /* orthoreaderTests */ = {
			isa = PBXNativeTarget;
			buildConfigurationList = 21A1235B2E2942A200D1154E /* Build configuration list for PBXNativeTarget "orthoreaderTests" */;
			buildPhases = (
				21A123402E2942A200D1154E /* Sources */,
				21A123412E2942A200D1154E /* Frameworks */,
				21A123422E2942A200D1154E /* Resources */,
			);
			buildRules = (
			);
			dependencies = (
				21A123462E2942A200D1154E /* PBXTargetDependency */,
			);
			fileSystemSynchronizedGroups = (
				21A123472E2942A200D1154E /* orthoreaderTests */,
			);
			name = orthoreaderTests;
			packageProductDependencies = (
			);
			productName = orthoreaderTests;
			productReference = 21A123442E2942A200D1154E /* orthoreaderTests.xctest */;
			productType = "com.apple.product-type.bundle.unit-test";
		};
		21A1234D2E2942A200D1154E /* orthoreaderUITests */ = {
			isa = PBXNativeTarget;
			buildConfigurationList = 21A1235E2E2942A200D1154E /* Build configuration list for PBXNativeTarget "orthoreaderUITests" */;
			buildPhases = (
				21A1234A2E2942A200D1154E /* Sources */,
				21A1234B2E2942A200D1154E /* Frameworks */,
				21A1234C2E2942A200D1154E /* Resources */,
			);
			buildRules = (
			);
			dependencies = (
				21A123502E2942A200D1154E /* PBXTargetDependency */,
			);
			fileSystemSynchronizedGroups = (
				21A123512E2942A200D1154E /* orthoreaderUITests */,
			);
			name = orthoreaderUITests;
			packageProductDependencies = (
			);
			productName = orthoreaderUITests;
			productReference = 21A1234E2E2942A200D1154E /* orthoreaderUITests.xctest */;
			productType = "com.apple.product-type.bundle.ui-testing";
		};
/* End PBXNativeTarget section */

/* Begin PBXProject section */
		21A1232F2E2942A000D1154E /* Project object */ = {
			isa = PBXProject;
			attributes = {
				BuildIndependentTargetsInParallel = 1;
				LastSwiftUpdateCheck = 1640;
				LastUpgradeCheck = 1640;
				TargetAttributes = {
					21A123362E2942A000D1154E = {
						CreatedOnToolsVersion = 16.4;
					};
					21A123432E2942A200D1154E = {
						CreatedOnToolsVersion = 16.4;
						TestTargetID = 21A123362E2942A000D1154E;
					};
					21A1234D2E2942A200D1154E = {
						CreatedOnToolsVersion = 16.4;
						TestTargetID = 21A123362E2942A000D1154E;
					};
				};
			};
			buildConfigurationList = 21A123322E2942A000D1154E /* Build configuration list for PBXProject "orthoreader" */;
			developmentRegion = en;
			hasScannedForEncodings = 0;
			knownRegions = (
				en,
				Base,
			);
			mainGroup = 21A1232E2E2942A000D1154E;
			minimizedProjectReferenceProxies = 1;
			preferredProjectObjectVersion = 77;
			productRefGroup = 21A123382E2942A000D1154E /* Products */;
			projectDirPath = "";
			projectRoot = "";
			targets = (
				21A123362E2942A000D1154E /* orthoreader */,
				21A123432E2942A200D1154E /* orthoreaderTests */,
				21A1234D2E2942A200D1154E /* orthoreaderUITests */,
			);
		};
/* End PBXProject section */

/* Begin PBXResourcesBuildPhase section */
		21A123352E2942A000D1154E /* Resources */ = {
			isa = PBXResourcesBuildPhase;
			buildActionMask = 2147483647;
			files = (
				210A9A892E2A9BF80080FA36 /* LibraryPDFs in Resources */,
			);
			runOnlyForDeploymentPostprocessing = 0;
		};
		21A123422E2942A200D1154E /* Resources */ = {
			isa = PBXResourcesBuildPhase;
			buildActionMask = 2147483647;
			files = (
			);
			runOnlyForDeploymentPostprocessing = 0;
		};
		21A1234C2E2942A200D1154E /* Resources */ = {
			isa = PBXResourcesBuildPhase;
			buildActionMask = 2147483647;
			files = (
			);
			runOnlyForDeploymentPostprocessing = 0;
		};
/* End PBXResourcesBuildPhase section */

/* Begin PBXSourcesBuildPhase section */
		21A123332E2942A000D1154E /* Sources */ = {
			isa = PBXSourcesBuildPhase;
			buildActionMask = 2147483647;
			files = (
			);
			runOnlyForDeploymentPostprocessing = 0;
		};
		21A123402E2942A200D1154E /* Sources */ = {
			isa = PBXSourcesBuildPhase;
			buildActionMask = 2147483647;
			files = (
			);
			runOnlyForDeploymentPostprocessing = 0;
		};
		21A1234A2E2942A200D1154E /* Sources */ = {
			isa = PBXSourcesBuildPhase;
			buildActionMask = 2147483647;
			files = (
			);
			runOnlyForDeploymentPostprocessing = 0;
		};
/* End PBXSourcesBuildPhase section */

/* Begin PBXTargetDependency section */
		21A123462E2942A200D1154E /* PBXTargetDependency */ = {
			isa = PBXTargetDependency;
			target = 21A123362E2942A000D1154E /* orthoreader */;
			targetProxy = 21A123452E2942A200D1154E /* PBXContainerItemProxy */;
		};
		21A123502E2942A200D1154E /* PBXTargetDependency */ = {
			isa = PBXTargetDependency;
			target = 21A123362E2942A000D1154E /* orthoreader */;
			targetProxy = 21A1234F2E2942A200D1154E /* PBXContainerItemProxy */;
		};
/* End PBXTargetDependency section */

/* Begin XCBuildConfiguration section */
		21A123562E2942A200D1154E /* Debug */ = {
			isa = XCBuildConfiguration;
			buildSettings = {
				ALWAYS_SEARCH_USER_PATHS = NO;
				ASSETCATALOG_COMPILER_GENERATE_SWIFT_ASSET_SYMBOL_EXTENSIONS = YES;
				CLANG_ANALYZER_NONNULL = YES;
				CLANG_ANALYZER_NUMBER_OBJECT_CONVERSION = YES_AGGRESSIVE;
				CLANG_CXX_LANGUAGE_STANDARD = "gnu++20";
				CLANG_ENABLE_MODULES = YES;
				CLANG_ENABLE_OBJC_ARC = YES;
				CLANG_ENABLE_OBJC_WEAK = YES;
				CLANG_WARN_BLOCK_CAPTURE_AUTORELEASING = YES;
				CLANG_WARN_BOOL_CONVERSION = YES;
				CLANG_WARN_COMMA = YES;
				CLANG_WARN_CONSTANT_CONVERSION = YES;
				CLANG_WARN_DEPRECATED_OBJC_IMPLEMENTATIONS = YES;
				CLANG_WARN_DIRECT_OBJC_ISA_USAGE = YES_ERROR;
				CLANG_WARN_DOCUMENTATION_COMMENTS = YES;
				CLANG_WARN_EMPTY_BODY = YES;
				CLANG_WARN_ENUM_CONVERSION = YES;
				CLANG_WARN_INFINITE_RECURSION = YES;
				CLANG_WARN_INT_CONVERSION = YES;
				CLANG_WARN_NON_LITERAL_NULL_CONVERSION = YES;
				CLANG_WARN_OBJC_IMPLICIT_RETAIN_SELF = YES;
				CLANG_WARN_OBJC_LITERAL_CONVERSION = YES;
				CLANG_WARN_OBJC_ROOT_CLASS = YES_ERROR;
				CLANG_WARN_QUOTED_INCLUDE_IN_FRAMEWORK_HEADER = YES;
				CLANG_WARN_RANGE_LOOP_ANALYSIS = YES;
				CLANG_WARN_STRICT_PROTOTYPES = YES;
				CLANG_WARN_SUSPICIOUS_MOVE = YES;
				CLANG_WARN_UNGUARDED_AVAILABILITY = YES_AGGRESSIVE;
				CLANG_WARN_UNREACHABLE_CODE = YES;
				CLANG_WARN__DUPLICATE_METHOD_MATCH = YES;
				COPY_PHASE_STRIP = NO;
				DEBUG_INFORMATION_FORMAT = dwarf;
				ENABLE_STRICT_OBJC_MSGSEND = YES;
				ENABLE_TESTABILITY = YES;
				ENABLE_USER_SCRIPT_SANDBOXING = YES;
				GCC_C_LANGUAGE_STANDARD = gnu17;
				GCC_DYNAMIC_NO_PIC = NO;
				GCC_NO_COMMON_BLOCKS = YES;
				GCC_OPTIMIZATION_LEVEL = 0;
				GCC_PREPROCESSOR_DEFINITIONS = (
					"DEBUG=1",
					"$(inherited)",
				);
				GCC_WARN_64_TO_32_BIT_CONVERSION = YES;
				GCC_WARN_ABOUT_RETURN_TYPE = YES_ERROR;
				GCC_WARN_UNDECLARED_SELECTOR = YES;
				GCC_WARN_UNINITIALIZED_AUTOS = YES_AGGRESSIVE;
				GCC_WARN_UNUSED_FUNCTION = YES;
				GCC_WARN_UNUSED_VARIABLE = YES;
				IPHONEOS_DEPLOYMENT_TARGET = 18.5;
				LOCALIZATION_PREFERS_STRING_CATALOGS = YES;
				MTL_ENABLE_DEBUG_INFO = INCLUDE_SOURCE;
				MTL_FAST_MATH = YES;
				ONLY_ACTIVE_ARCH = YES;
				SDKROOT = iphoneos;
				SWIFT_ACTIVE_COMPILATION_CONDITIONS = "DEBUG $(inherited)";
				SWIFT_OPTIMIZATION_LEVEL = "-Onone";
			};
			name = Debug;
		};
		21A123572E2942A200D1154E /* Release */ = {
			isa = XCBuildConfiguration;
			buildSettings = {
				ALWAYS_SEARCH_USER_PATHS = NO;
				ASSETCATALOG_COMPILER_GENERATE_SWIFT_ASSET_SYMBOL_EXTENSIONS = YES;
				CLANG_ANALYZER_NONNULL = YES;
				CLANG_ANALYZER_NUMBER_OBJECT_CONVERSION = YES_AGGRESSIVE;
				CLANG_CXX_LANGUAGE_STANDARD = "gnu++20";
				CLANG_ENABLE_MODULES = YES;
				CLANG_ENABLE_OBJC_ARC = YES;
				CLANG_ENABLE_OBJC_WEAK = YES;
				CLANG_WARN_BLOCK_CAPTURE_AUTORELEASING = YES;
				CLANG_WARN_BOOL_CONVERSION = YES;
				CLANG_WARN_COMMA = YES;
				CLANG_WARN_CONSTANT_CONVERSION = YES;
				CLANG_WARN_DEPRECATED_OBJC_IMPLEMENTATIONS = YES;
				CLANG_WARN_DIRECT_OBJC_ISA_USAGE = YES_ERROR;
				CLANG_WARN_DOCUMENTATION_COMMENTS = YES;
				CLANG_WARN_EMPTY_BODY = YES;
				CLANG_WARN_ENUM_CONVERSION = YES;
				CLANG_WARN_INFINITE_RECURSION = YES;
				CLANG_WARN_INT_CONVERSION = YES;
				CLANG_WARN_NON_LITERAL_NULL_CONVERSION = YES;
				CLANG_WARN_OBJC_IMPLICIT_RETAIN_SELF = YES;
				CLANG_WARN_OBJC_LITERAL_CONVERSION = YES;
				CLANG_WARN_OBJC_ROOT_CLASS = YES_ERROR;
				CLANG_WARN_QUOTED_INCLUDE_IN_FRAMEWORK_HEADER = YES;
				CLANG_WARN_RANGE_LOOP_ANALYSIS = YES;
				CLANG_WARN_STRICT_PROTOTYPES = YES;
				CLANG_WARN_SUSPICIOUS_MOVE = YES;
				CLANG_WARN_UNGUARDED_AVAILABILITY = YES_AGGRESSIVE;
				CLANG_WARN_UNREACHABLE_CODE = YES;
				CLANG_WARN__DUPLICATE_METHOD_MATCH = YES;
				COPY_PHASE_STRIP = NO;
				DEBUG_INFORMATION_FORMAT = "dwarf-with-dsym";
				ENABLE_NS_ASSERTIONS = NO;
				ENABLE_STRICT_OBJC_MSGSEND = YES;
				ENABLE_USER_SCRIPT_SANDBOXING = YES;
				GCC_C_LANGUAGE_STANDARD = gnu17;
				GCC_NO_COMMON_BLOCKS = YES;
				GCC_WARN_64_TO_32_BIT_CONVERSION = YES;
				GCC_WARN_ABOUT_RETURN_TYPE = YES_ERROR;
				GCC_WARN_UNDECLARED_SELECTOR = YES;
				GCC_WARN_UNINITIALIZED_AUTOS = YES_AGGRESSIVE;
				GCC_WARN_UNUSED_FUNCTION = YES;
				GCC_WARN_UNUSED_VARIABLE = YES;
				IPHONEOS_DEPLOYMENT_TARGET = 18.5;
				LOCALIZATION_PREFERS_STRING_CATALOGS = YES;
				MTL_ENABLE_DEBUG_INFO = NO;
				MTL_FAST_MATH = YES;
				SDKROOT = iphoneos;
				SWIFT_COMPILATION_MODE = wholemodule;
				VALIDATE_PRODUCT = YES;
			};
			name = Release;
		};
		21A123592E2942A200D1154E /* Debug */ = {
			isa = XCBuildConfiguration;
			buildSettings = {
				ASSETCATALOG_COMPILER_APPICON_NAME = AppIcon;
				ASSETCATALOG_COMPILER_GLOBAL_ACCENT_COLOR_NAME = AccentColor;
				CODE_SIGN_STYLE = Automatic;
				CURRENT_PROJECT_VERSION = 1;
				DEVELOPMENT_TEAM = VZA7N279E2;
				ENABLE_PREVIEWS = YES;
				GENERATE_INFOPLIST_FILE = YES;
				INFOPLIST_FILE = orthoreader/Info.plist;
				INFOPLIST_KEY_UIApplicationSceneManifest_Generation = YES;
				INFOPLIST_KEY_UIApplicationSupportsIndirectInputEvents = YES;
				INFOPLIST_KEY_UILaunchScreen_Generation = YES;
				INFOPLIST_KEY_UISupportedInterfaceOrientations_iPad = "UIInterfaceOrientationPortrait UIInterfaceOrientationPortraitUpsideDown UIInterfaceOrientationLandscapeLeft UIInterfaceOrientationLandscapeRight";
				INFOPLIST_KEY_UISupportedInterfaceOrientations_iPhone = "UIInterfaceOrientationPortrait UIInterfaceOrientationLandscapeLeft UIInterfaceOrientationLandscapeRight";
				LD_RUNPATH_SEARCH_PATHS = (
					"$(inherited)",
					"@executable_path/Frameworks",
				);
				MARKETING_VERSION = 1.0;
				PRODUCT_BUNDLE_IDENTIFIER = "Matt-Arthur.orthoreader";
				PRODUCT_NAME = "$(TARGET_NAME)";
				SWIFT_EMIT_LOC_STRINGS = YES;
				SWIFT_VERSION = 5.0;
				TARGETED_DEVICE_FAMILY = "1,2";
			};
			name = Debug;
		};
		21A1235A2E2942A200D1154E /* Release */ = {
			isa = XCBuildConfiguration;
			buildSettings = {
				ASSETCATALOG_COMPILER_APPICON_NAME = AppIcon;
				ASSETCATALOG_COMPILER_GLOBAL_ACCENT_COLOR_NAME = AccentColor;
				CODE_SIGN_STYLE = Automatic;
				CURRENT_PROJECT_VERSION = 1;
				DEVELOPMENT_TEAM = VZA7N279E2;
				ENABLE_PREVIEWS = YES;
				GENERATE_INFOPLIST_FILE = YES;
				INFOPLIST_FILE = orthoreader/Info.plist;
				INFOPLIST_KEY_UIApplicationSceneManifest_Generation = YES;
				INFOPLIST_KEY_UIApplicationSupportsIndirectInputEvents = YES;
				INFOPLIST_KEY_UILaunchScreen_Generation = YES;
				INFOPLIST_KEY_UISupportedInterfaceOrientations_iPad = "UIInterfaceOrientationPortrait UIInterfaceOrientationPortraitUpsideDown UIInterfaceOrientationLandscapeLeft UIInterfaceOrientationLandscapeRight";
				INFOPLIST_KEY_UISupportedInterfaceOrientations_iPhone = "UIInterfaceOrientationPortrait UIInterfaceOrientationLandscapeLeft UIInterfaceOrientationLandscapeRight";
				LD_RUNPATH_SEARCH_PATHS = (
					"$(inherited)",
					"@executable_path/Frameworks",
				);
				MARKETING_VERSION = 1.0;
				PRODUCT_BUNDLE_IDENTIFIER = "Matt-Arthur.orthoreader";
				PRODUCT_NAME = "$(TARGET_NAME)";
				SWIFT_EMIT_LOC_STRINGS = YES;
				SWIFT_VERSION = 5.0;
				TARGETED_DEVICE_FAMILY = "1,2";
			};
			name = Release;
		};
		21A1235C2E2942A200D1154E /* Debug */ = {
			isa = XCBuildConfiguration;
			buildSettings = {
				BUNDLE_LOADER = "$(TEST_HOST)";
				CODE_SIGN_STYLE = Automatic;
				CURRENT_PROJECT_VERSION = 1;
				GENERATE_INFOPLIST_FILE = YES;
				IPHONEOS_DEPLOYMENT_TARGET = 18.5;
				MARKETING_VERSION = 1.0;
				PRODUCT_BUNDLE_IDENTIFIER = "Matt-Arthur.orthoreaderTests";
				PRODUCT_NAME = "$(TARGET_NAME)";
				SWIFT_EMIT_LOC_STRINGS = NO;
				SWIFT_VERSION = 5.0;
				TARGETED_DEVICE_FAMILY = "1,2";
				TEST_HOST = "$(BUILT_PRODUCTS_DIR)/orthoreader.app/$(BUNDLE_EXECUTABLE_FOLDER_PATH)/orthoreader";
			};
			name = Debug;
		};
		21A1235D2E2942A200D1154E /* Release */ = {
			isa = XCBuildConfiguration;
			buildSettings = {
				BUNDLE_LOADER = "$(TEST_HOST)";
				CODE_SIGN_STYLE = Automatic;
				CURRENT_PROJECT_VERSION = 1;
				GENERATE_INFOPLIST_FILE = YES;
				IPHONEOS_DEPLOYMENT_TARGET = 18.5;
				MARKETING_VERSION = 1.0;
				PRODUCT_BUNDLE_IDENTIFIER = "Matt-Arthur.orthoreaderTests";
				PRODUCT_NAME = "$(TARGET_NAME)";
				SWIFT_EMIT_LOC_STRINGS = NO;
				SWIFT_VERSION = 5.0;
				TARGETED_DEVICE_FAMILY = "1,2";
				TEST_HOST = "$(BUILT_PRODUCTS_DIR)/orthoreader.app/$(BUNDLE_EXECUTABLE_FOLDER_PATH)/orthoreader";
			};
			name = Release;
		};
		21A1235F2E2942A200D1154E /* Debug */ = {
			isa = XCBuildConfiguration;
			buildSettings = {
				CODE_SIGN_STYLE = Automatic;
				CURRENT_PROJECT_VERSION = 1;
				GENERATE_INFOPLIST_FILE = YES;
				MARKETING_VERSION = 1.0;
				PRODUCT_BUNDLE_IDENTIFIER = "Matt-Arthur.orthoreaderUITests";
				PRODUCT_NAME = "$(TARGET_NAME)";
				SWIFT_EMIT_LOC_STRINGS = NO;
				SWIFT_VERSION = 5.0;
				TARGETED_DEVICE_FAMILY = "1,2";
				TEST_TARGET_NAME = orthoreader;
			};
			name = Debug;
		};
		21A123602E2942A200D1154E /* Release */ = {
			isa = XCBuildConfiguration;
			buildSettings = {
				CODE_SIGN_STYLE = Automatic;
				CURRENT_PROJECT_VERSION = 1;
				GENERATE_INFOPLIST_FILE = YES;
				MARKETING_VERSION = 1.0;
				PRODUCT_BUNDLE_IDENTIFIER = "Matt-Arthur.orthoreaderUITests";
				PRODUCT_NAME = "$(TARGET_NAME)";
				SWIFT_EMIT_LOC_STRINGS = NO;
				SWIFT_VERSION = 5.0;
				TARGETED_DEVICE_FAMILY = "1,2";
				TEST_TARGET_NAME = orthoreader;
			};
			name = Release;
		};
/* End XCBuildConfiguration section */

/* Begin XCConfigurationList section */
		21A123322E2942A000D1154E /* Build configuration list for PBXProject "orthoreader" */ = {
			isa = XCConfigurationList;
			buildConfigurations = (
				21A123562E2942A200D1154E /* Debug */,
				21A123572E2942A200D1154E /* Release */,
			);
			defaultConfigurationIsVisible = 0;
			defaultConfigurationName = Release;
		};
		21A123582E2942A200D1154E /* Build configuration list for PBXNativeTarget "orthoreader" */ = {
			isa = XCConfigurationList;
			buildConfigurations = (
				21A123592E2942A200D1154E /* Debug */,
				21A1235A2E2942A200D1154E /* Release */,
			);
			defaultConfigurationIsVisible = 0;
			defaultConfigurationName = Release;
		};
		21A1235B2E2942A200D1154E /* Build configuration list for PBXNativeTarget "orthoreaderTests" */ = {
			isa = XCConfigurationList;
			buildConfigurations = (
				21A1235C2E2942A200D1154E /* Debug */,
				21A1235D2E2942A200D1154E /* Release */,
			);
			defaultConfigurationIsVisible = 0;
			defaultConfigurationName = Release;
		};
		21A1235E2E2942A200D1154E /* Build configuration list for PBXNativeTarget "orthoreaderUITests" */ = {
			isa = XCConfigurationList;
			buildConfigurations = (
				21A1235F2E2942A200D1154E /* Debug */,
				21A123602E2942A200D1154E /* Release */,
			);
			defaultConfigurationIsVisible = 0;
			defaultConfigurationName = Release;
		};
/* End XCConfigurationList section */
	};
	rootObject = 21A1232F2E2942A000D1154E /* Project object */;
}
